
Microsoft Visual Studio Solution File, Format Version 12.00
# Visual Studio Version 16
VisualStudioVersion = 16.0.29519.87
MinimumVisualStudioVersion = 10.0.40219.1
Project("{FAE04EC0-301F-11D3-BF4B-00C04F79EFBC}") = "DelegateDemo", "DelegateDemo.csproj", "{A51F4305-D989-4A49-9DFD-37D835B32FF3}"
EndProject
Global
	GlobalSection(SolutionConfigurationPlatforms) = preSolution
		Debug|Any CPU = Debug|Any CPU
		Release|Any CPU = Release|Any CPU
	EndGlobalSection
	GlobalSection(ProjectConfigurationPlatforms) = postSolution
		{A51F4305-D989-4A49-9DFD-37D835B32FF3}.Debug|Any CPU.ActiveCfg = Debug|Any CPU
		{A51F4305-D989-4A49-9DFD-37D835B32FF3}.Debug|Any CPU.Build.0 = Debug|Any CPU
		{A51F4305-D989-4A49-9DFD-37D835B32FF3}.Release|Any CPU.ActiveCfg = Release|Any CPU
		{A51F4305-D989-4A49-9DFD-37D835B32FF3}.Release|Any CPU.Build.0 = Release|Any CPU
	EndGlobalSection
	GlobalSection(SolutionProperties) = preSolution
		HideSolutionNode = FALSE
	EndGlobalSection
	GlobalSection(ExtensibilityGlobals) = postSolution
		SolutionGuid = {27281031-CD94-4E13-9DDA-1D26D4F2B2E8}
	EndGlobalSection
EndGlobal
